# THIS IS AN AUTOGENERATED FILE. DO NOT EDIT THIS FILE DIRECTLY.
# yarn lockfile v1


"@tensorflow/tfjs-converter@1.2.10":
  version "1.2.10"
  resolved "https://registry.yarnpkg.com/@tensorflow/tfjs-converter/-/tfjs-converter-1.2.10.tgz#950f7b9bd40f962c9c40c00531a1f9a34cd3ce40"
  integrity sha512-SK/G2pUznkg3yIdKtI1ed1vAEye0nH8r/HPx6hnMTi8mBbB6A0BS8Yey3Ftq2OYKDu19nf5tHkfN/qCxUm0+0w==

"@tensorflow/tfjs-core@1.2.10":
  version "1.2.10"
  resolved "https://registry.yarnpkg.com/@tensorflow/tfjs-core/-/tfjs-core-1.2.10.tgz#c2f5a44574afc533236aa00ae0af7313412e59ac"
  integrity sha512-+aMTlSdob9SqZ5M/O7P3jIrwme/IIuejRQ/8OcThx0QShmkPHxp14j1/iluX4BtJZr6Ttj3Bd8qzx+p0ikj19A==
  dependencies:
    "@types/offscreencanvas" "~2019.3.0"
    "@types/seedrandom" "2.4.27"
    "@types/webgl-ext" "0.0.30"
    "@types/webgl2" "0.0.4"
    node-fetch "~2.1.2"
    seedrandom "2.4.3"

"@tensorflow/tfjs-data@1.2.10":
  version "1.2.10"
  resolved "https://registry.yarnpkg.com/@tensorflow/tfjs-data/-/tfjs-data-1.2.10.tgz#aa27f2e1f612413122f1baf250222ca29f11104a"
  integrity sha512-W8CETuC37Y0yQJtW2FkuwOTC2PwRvZ3rlOz4yjXUidPmizOzGOsOuJ0/s51XTMmiUZxpK5sUetWASqBNgKM1Dg==
  dependencies:
    "@types/node-fetch" "^2.1.2"
    node-fetch "~2.1.2"

"@tensorflow/tfjs-layers@1.2.10":
  version "1.2.10"
  resolved "https://registry.yarnpkg.com/@tensorflow/tfjs-layers/-/tfjs-layers-1.2.10.tgz#2ccb62253df6ce468671aceb7769475b228321fd"
  integrity sha512-Rh5543GZpZNGlrnCmxQI+jR67MRl6OMIV6p3S2QrdQ8aQDDiUN66yWPxYzPHSkxQ9uu+rS7xB3qtNA3D8IZJwA==

"@tensorflow/tfjs@^1.2.10":
  version "1.2.10"
  resolved "https://registry.yarnpkg.com/@tensorflow/tfjs/-/tfjs-1.2.10.tgz#073935d530c08fe3e24d3c20cdc956994175ca17"
  integrity sha512-1niR18DV8lWR0jy2khbBjyR2GDCBFWbBrGe/NKEksfjbnZI3qO6xX2B/sG4pw1hAXKAJtEWODvfy4WvBbkdi4w==
  dependencies:
    "@tensorflow/tfjs-converter" "1.2.10"
    "@tensorflow/tfjs-core" "1.2.10"
    "@tensorflow/tfjs-data" "1.2.10"
    "@tensorflow/tfjs-layers" "1.2.10"

"@types/node-fetch@^2.1.2":
  version "2.5.2"
  resolved "https://registry.yarnpkg.com/@types/node-fetch/-/node-fetch-2.5.2.tgz#76906dea5b3d6901e50e63e15249c9bcd6e9676e"
  integrity sha512-djYYKmdNRSBtL1x4CiE9UJb9yZhwtI1VC+UxZD0psNznrUj80ywsxKlEGAE+QL1qvLjPbfb24VosjkYM6W4RSQ==
  dependencies:
    "@types/node" "*"

"@types/node@*":
  version "12.7.11"
  resolved "https://registry.yarnpkg.com/@types/node/-/node-12.7.11.tgz#be879b52031cfb5d295b047f5462d8ef1a716446"
  integrity sha512-Otxmr2rrZLKRYIybtdG/sgeO+tHY20GxeDjcGmUnmmlCWyEnv2a2x1ZXBo3BTec4OiTXMQCiazB8NMBf0iRlFw==

"@types/offscreencanvas@~2019.3.0":
  version "2019.3.0"
  resolved "https://registry.yarnpkg.com/@types/offscreencanvas/-/offscreencanvas-2019.3.0.tgz#3336428ec7e9180cf4566dfea5da04eb586a6553"
  integrity sha512-esIJx9bQg+QYF0ra8GnvfianIY8qWB0GBx54PK5Eps6m+xTj86KLavHv6qDhzKcu5UUOgNfJ2pWaIIV7TRUd9Q==

"@types/seedrandom@2.4.27":
  version "2.4.27"
  resolved "https://registry.yarnpkg.com/@types/seedrandom/-/seedrandom-2.4.27.tgz#9db563937dd86915f69092bc43259d2f48578e41"
  integrity sha1-nbVjk33YaRX2kJK8QyWdL0hXjkE=

"@types/webgl-ext@0.0.30":
  version "0.0.30"
  resolved "https://registry.yarnpkg.com/@types/webgl-ext/-/webgl-ext-0.0.30.tgz#0ce498c16a41a23d15289e0b844d945b25f0fb9d"
  integrity sha512-LKVgNmBxN0BbljJrVUwkxwRYqzsAEPcZOe6S2T6ZaBDIrFp0qu4FNlpc5sM1tGbXUYFgdVQIoeLk1Y1UoblyEg==

"@types/webgl2@0.0.4":
  version "0.0.4"
  resolved "https://registry.yarnpkg.com/@types/webgl2/-/webgl2-0.0.4.tgz#c3b0f9d6b465c66138e84e64cb3bdf8373c2c279"
  integrity sha512-PACt1xdErJbMUOUweSrbVM7gSIYm1vTncW2hF6Os/EeWi6TXYAYMPp+8v6rzHmypE5gHrxaxZNXgMkJVIdZpHw==

node-fetch@~2.1.2:
  version "2.1.2"
  resolved "https://registry.yarnpkg.com/node-fetch/-/node-fetch-2.1.2.tgz#ab884e8e7e57e38a944753cec706f788d1768bb5"
  integrity sha1-q4hOjn5X44qUR1POxwb3iNF2i7U=

seedrandom@2.4.3:
  version "2.4.3"
  resolved "https://registry.yarnpkg.com/seedrandom/-/seedrandom-2.4.3.tgz#2438504dad33917314bff18ac4d794f16d6aaecc"
  integrity sha1-JDhQTa0zkXMUv/GKxNeU8W1qrsw=
